PODS:
  - React (0.47.1):
    - React/Core (= 0.47.1)
  - react-native-ux-cam (3.4.0):
    - React
    - UXCam (~> 2.5.8)
  - React/BatchedBridge (0.47.1):
    - React/Core
    - React/cxxreact_legacy
  - React/Core (0.47.1):
    - Yoga (= 0.47.1.React)
  - React/cxxreact_legacy (0.47.1):
    - React/jschelpers_legacy
  - React/jschelpers_legacy (0.47.1)
  - UXCam (2.5.11)
  - Yoga (0.47.1.React)

DEPENDENCIES:
  - react-native-ux-cam (from `../node_modules/react-native-ux-cam`)
  - React/BatchedBridge (from `../node_modules/react-native`)
  - React/Core (from `../node_modules/react-native`)
  - Yoga (from `../node_modules/react-native/ReactCommon/yoga`)

EXTERNAL SOURCES:
  React:
    :path: "../node_modules/react-native"
  react-native-ux-cam:
    :path: "../node_modules/react-native-ux-cam"
  Yoga:
    :path: "../node_modules/react-native/ReactCommon/yoga"

SPEC CHECKSUMS:
  React: f705239a901cb3f95445c34468e5b37b6f80a0d4
  react-native-ux-cam: a4954d67d56bc17c5fd827495b3c31331fd7fcc3
  UXCam: 24fc9a228f2c749a7d56a97db205394af92e6a6b
  Yoga: 13a12502dfabb4c75b914071dcb542af800deed4

PODFILE CHECKSUM: 0af0189a23356ff1f24609ee3ce88411230ffe2e

COCOAPODS: 1.2.1
